{
  "pins" : [
    {
      "identity" : "licenseseat-swift",
      "kind" : "remoteSourceControl",
      "location" : "https://github.com/licenseseat/licenseseat-swift.git",
      "state" : {
        "revision" : "6149935016228b70631d805cb512e11c4cf335ad",
        "version" : "0.4.1"
      }
    },
    {
      "identity" : "swift-crypto",
      "kind" : "remoteSourceControl",
      "location" : "https://github.com/apple/swift-crypto.git",
      "state" : {
        "revision" : "60f13f60c4d093691934dc6cfdf5f508ada1f894",
        "version" : "2.6.0"
      }
    }
  ],
  "version" : 2
}
